
Microsoft Visual Studio Solution File, Format Version 12.00
# Visual Studio 14
VisualStudioVersion = 14.0.25420.0
MinimumVisualStudioVersion = 10.0.40219.1
Project("{8BC9CEB8-8B4A-11D0-8D11-00A0C91BC942}") = "TestST_Curve3", "TestST_Curve3\TestST_Curve3.vcxproj", "{20AAC5BF-BD6E-42B5-8F02-98E2E2B4484E}"
EndProject
Global
	GlobalSection(SolutionConfigurationPlatforms) = preSolution
		Debug|Win32 = Debug|Win32
		Release|Win32 = Release|Win32
	EndGlobalSection
	GlobalSection(ProjectConfigurationPlatforms) = postSolution
		{20AAC5BF-BD6E-42B5-8F02-98E2E2B4484E}.Debug|Win32.ActiveCfg = Debug|Win32
		{20AAC5BF-BD6E-42B5-8F02-98E2E2B4484E}.Debug|Win32.Build.0 = Debug|Win32
		{20AAC5BF-BD6E-42B5-8F02-98E2E2B4484E}.Release|Win32.ActiveCfg = Release|Win32
		{20AAC5BF-BD6E-42B5-8F02-98E2E2B4484E}.Release|Win32.Build.0 = Release|Win32
	EndGlobalSection
	GlobalSection(SolutionProperties) = preSolution
		HideSolutionNode = FALSE
	EndGlobalSection
EndGlobal
